
Microsoft Visual Studio Solution File, Format Version 12.00
# Visual Studio Version 16
VisualStudioVersion = 16.0.33027.164
MinimumVisualStudioVersion = 10.0.40219.1
Project("{FAE04EC0-301F-11D3-BF4B-00C04F79EFBC}") = "TestAssistant", "TestAssistant.csproj", "{CB925FF6-6394-4B7E-935B-AB183460A28E}"
EndProject
Project("{2150E333-8FDC-42A3-9474-1A3956D46DE8}") = "Solution Items", "Solution Items", "{FD1F1967-C042-46D0-BBB8-65BE9E37A5CA}"
	ProjectSection(SolutionItems) = preProject
		.editorconfig = .editorconfig
	EndProjectSection
EndProject
Project("{54435603-DBB4-11D2-8724-00A0C9A8B90C}") = "Install", "Install\Install.vdproj", "{06D8D5F7-AEC3-4435-97C7-E4C07F0865AE}"
EndProject
Global
	GlobalSection(SolutionConfigurationPlatforms) = preSolution
		Debug|Any CPU = Debug|Any CPU
		Release|Any CPU = Release|Any CPU
	EndGlobalSection
	GlobalSection(ProjectConfigurationPlatforms) = postSolution
		{CB925FF6-6394-4B7E-935B-AB183460A28E}.Debug|Any CPU.ActiveCfg = Debug|Any CPU
		{CB925FF6-6394-4B7E-935B-AB183460A28E}.Debug|Any CPU.Build.0 = Debug|Any CPU
		{CB925FF6-6394-4B7E-935B-AB183460A28E}.Release|Any CPU.ActiveCfg = Release|Any CPU
		{CB925FF6-6394-4B7E-935B-AB183460A28E}.Release|Any CPU.Build.0 = Release|Any CPU
		{06D8D5F7-AEC3-4435-97C7-E4C07F0865AE}.Debug|Any CPU.ActiveCfg = Debug
		{06D8D5F7-AEC3-4435-97C7-E4C07F0865AE}.Debug|Any CPU.Build.0 = Debug
		{06D8D5F7-AEC3-4435-97C7-E4C07F0865AE}.Release|Any CPU.ActiveCfg = Release
		{06D8D5F7-AEC3-4435-97C7-E4C07F0865AE}.Release|Any CPU.Build.0 = Release
	EndGlobalSection
	GlobalSection(SolutionProperties) = preSolution
		HideSolutionNode = FALSE
	EndGlobalSection
	GlobalSection(ExtensibilityGlobals) = postSolution
		SolutionGuid = {006881B3-3439-4B83-9FCE-9CB0A40B5F09}
	EndGlobalSection
EndGlobal
